
Microsoft Visual Studio Solution File, Format Version 12.00
# Visual Studio Version 16
VisualStudioVersion = 16.0.31019.35
MinimumVisualStudioVersion = 10.0.40219.1
Project("{8BC9CEB8-8B4A-11D0-8D11-00A0C91BC942}") = "VulkanEngine", "VulkanEngine\VulkanEngine.vcxproj", "{8D6F1D3B-E6CA-4C0B-A01F-FA34830F426D}"
EndProject
Global
	GlobalSection(SolutionConfigurationPlatforms) = preSolution
		Debug|x64 = Debug|x64
		Debug|x86 = Debug|x86
		Release|x64 = Release|x64
		Release|x86 = Release|x86
	EndGlobalSection
	GlobalSection(ProjectConfigurationPlatforms) = postSolution
		{8D6F1D3B-E6CA-4C0B-A01F-FA34830F426D}.Debug|x64.ActiveCfg = Debug|x64
		{8D6F1D3B-E6CA-4C0B-A01F-FA34830F426D}.Debug|x64.Build.0 = Debug|x64
		{8D6F1D3B-E6CA-4C0B-A01F-FA34830F426D}.Debug|x86.ActiveCfg = Debug|Win32
		{8D6F1D3B-E6CA-4C0B-A01F-FA34830F426D}.Debug|x86.Build.0 = Debug|Win32
		{8D6F1D3B-E6CA-4C0B-A01F-FA34830F426D}.Release|x64.ActiveCfg = Release|x64
		{8D6F1D3B-E6CA-4C0B-A01F-FA34830F426D}.Release|x64.Build.0 = Release|x64
		{8D6F1D3B-E6CA-4C0B-A01F-FA34830F426D}.Release|x86.ActiveCfg = Release|Win32
		{8D6F1D3B-E6CA-4C0B-A01F-FA34830F426D}.Release|x86.Build.0 = Release|Win32
	EndGlobalSection
	GlobalSection(SolutionProperties) = preSolution
		HideSolutionNode = FALSE
	EndGlobalSection
	GlobalSection(ExtensibilityGlobals) = postSolution
		SolutionGuid = {2970C7C3-F358-4158-A840-46C3F88BAA1E}
	EndGlobalSection
EndGlobal
